{
  "version": 4,
  "terraform_version": "1.5.6",
  "serial": 22,
  "lineage": "7e75b325-28fa-bbd0-d2e6-f6c4424e94f1",
  "outputs": {},
  "resources": [
    {
      "mode": "data",
      "type": "google_client_config",
      "name": "default",
      "provider": "provider[\"registry.terraform.io/hashicorp/google\"]",
      "instances": [
        {
          "schema_version": 0,
          "attributes": {
            "access_token": "ya29.c.c0ASRK0Gb-CPBGD3EQLtT72C-fn-OzYxFYETKvJnOs5W95VQplH3JUSBDkgDpapdPZN8oDWk-zFo9ilfItmmqNPin-4nNfYHnRZ1xR1OQYPQZRB9wzHKYNK-g93u4eBQD33nVzfWPl7IEwr0hsM7rlP87QAQWZNqHf6C6lHuTbeXMoEx-yb0O5Xb6jI_z-6Gdk1dNLeVWKjaV-0ymJSHfAiDumdDhLcnE0pnr3gqkFr4w5_ZMCpZnTR2DEAuDYuJArJ7USlfpqWCwzsSneJqECSrtpey8K2orPlC7XXu9ybrS7awdz_hwoxTR3B2mC3uwXZLoN8j8B5Fgy0Ua5r3pWO47HJe7w_7GSfakez41tzia-_SpVB34XRRPLN385KVFSw4Zf4ng2-5Rbd5gey7J1mSqM3lYnXMhZfsd4yMXr9rRUlwnvFXnFjds2tt7q15bnfdpq10udhxW3yj0RJoJqxelddu1bs0omZU35mQSWUuvoXtyicvSBh3We8rbX5X3nr2YJuXI0YjMU31ZxJ0OZeZziJrlwnZhooeZmOqpXWcu0JBxRVx6Qwcd_FM7k6mg4VttiazQR2oOY-tBlg6SofdIB5zSopY4InboRUjXuo7Z9BhymuocfjYgQd919j9BIXrzwIZmjIOp2Bni419uoYraU72i4s2X_l59oXF5XmanMjxlmcMipWSkd5snOhF22qIVWWe0m9wd2xj-v6RhYgmRmRFaotItsXI9Ot__etrYmJ9U41wv5tZpvmXItgrWvgjlqfzkigVS4YIcZ0o_WeB2YfjaOQ5yf8rhfSZbVlU7fnXQmypZk2bBSSI-6Xfr6SkpRpF53VVbJhfbuclu-viaiRaX9hIh4OJ54JJwvic9kkSBQX7pfaZrjQxY8RYj441o9cpwe13vXW1n4nhk4nrfs2UmbxQ5eh67OsMk5YQ-8herWO5yUQUf5mhoaXuf2Xlgv43BchOJcFXkeF1843sOQF6Mv80MQxvhpj3RaOzYMRxahr6iwvnS",
            "id": "projects/\"cecureq\"/regions/\"us-central1\"/zones/\u003cnull\u003e",
            "project": "cecureq",
            "region": "us-central1",
            "zone": null
          },
          "sensitive_attributes": []
        }
      ]
    },
    {
      "mode": "data",
      "type": "google_compute_network",
      "name": "existing_network",
      "provider": "provider[\"registry.terraform.io/hashicorp/google\"]",
      "instances": [
        {
          "schema_version": 0,
          "attributes": {
            "description": "Default network for the project",
            "gateway_ipv4": "",
            "id": "projects/cecureq/global/networks/default",
            "name": "default",
            "project": null,
            "self_link": "https://www.googleapis.com/compute/v1/projects/cecureq/global/networks/default",
            "subnetworks_self_links": [
              "https://www.googleapis.com/compute/v1/projects/cecureq/regions/us-west1/subnetworks/default",
              "https://www.googleapis.com/compute/v1/projects/cecureq/regions/asia-east2/subnetworks/default",
              "https://www.googleapis.com/compute/v1/projects/cecureq/regions/asia-east1/subnetworks/default",
              "https://www.googleapis.com/compute/v1/projects/cecureq/regions/africa-south1/subnetworks/default",
              "https://www.googleapis.com/compute/v1/projects/cecureq/regions/southamerica-west1/subnetworks/default",
              "https://www.googleapis.com/compute/v1/projects/cecureq/regions/asia-northeast3/subnetworks/default",
              "https://www.googleapis.com/compute/v1/projects/cecureq/regions/europe-west6/subnetworks/default",
              "https://www.googleapis.com/compute/v1/projects/cecureq/regions/us-central1/subnetworks/default",
              "https://www.googleapis.com/compute/v1/projects/cecureq/regions/europe-north1/subnetworks/default",
              "https://www.googleapis.com/compute/v1/projects/cecureq/regions/us-east5/subnetworks/default",
              "https://www.googleapis.com/compute/v1/projects/cecureq/regions/asia-south1/subnetworks/default",
              "https://www.googleapis.com/compute/v1/projects/cecureq/regions/europe-west9/subnetworks/default",
              "https://www.googleapis.com/compute/v1/projects/cecureq/regions/northamerica-northeast1/subnetworks/default",
              "https://www.googleapis.com/compute/v1/projects/cecureq/regions/europe-west8/subnetworks/default",
              "https://www.googleapis.com/compute/v1/projects/cecureq/regions/us-central1/subnetworks/time-api-subnet",
              "https://www.googleapis.com/compute/v1/projects/cecureq/regions/us-south1/subnetworks/default",
              "https://www.googleapis.com/compute/v1/projects/cecureq/regions/me-west1/subnetworks/default",
              "https://www.googleapis.com/compute/v1/projects/cecureq/regions/us-west8/subnetworks/default",
              "https://www.googleapis.com/compute/v1/projects/cecureq/regions/us-west3/subnetworks/default",
              "https://www.googleapis.com/compute/v1/projects/cecureq/regions/me-central1/subnetworks/default",
              "https://www.googleapis.com/compute/v1/projects/cecureq/regions/us-central1/subnetworks/gke-time-api-cluster-0b3958a5-pe-subnet",
              "https://www.googleapis.com/compute/v1/projects/cecureq/regions/us-east1/subnetworks/default",
              "https://www.googleapis.com/compute/v1/projects/cecureq/regions/europe-west12/subnetworks/default",
              "https://www.googleapis.com/compute/v1/projects/cecureq/regions/asia-northeast1/subnetworks/default",
              "https://www.googleapis.com/compute/v1/projects/cecureq/regions/europe-west4/subnetworks/default",
              "https://www.googleapis.com/compute/v1/projects/cecureq/regions/europe-west10/subnetworks/default",
              "https://www.googleapis.com/compute/v1/projects/cecureq/regions/europe-west1/subnetworks/default",
              "https://www.googleapis.com/compute/v1/projects/cecureq/regions/asia-southeast1/subnetworks/default",
              "https://www.googleapis.com/compute/v1/projects/cecureq/regions/asia-northeast2/subnetworks/default",
              "https://www.googleapis.com/compute/v1/projects/cecureq/regions/australia-southeast2/subnetworks/default",
              "https://www.googleapis.com/compute/v1/projects/cecureq/regions/us-west2/subnetworks/default",
              "https://www.googleapis.com/compute/v1/projects/cecureq/regions/us-east4/subnetworks/default",
              "https://www.googleapis.com/compute/v1/projects/cecureq/regions/us-west4/subnetworks/default",
              "https://www.googleapis.com/compute/v1/projects/cecureq/regions/southamerica-east1/subnetworks/default",
              "https://www.googleapis.com/compute/v1/projects/cecureq/regions/europe-southwest1/subnetworks/default",
              "https://www.googleapis.com/compute/v1/projects/cecureq/regions/asia-southeast2/subnetworks/default",
              "https://www.googleapis.com/compute/v1/projects/cecureq/regions/europe-west3/subnetworks/default",
              "https://www.googleapis.com/compute/v1/projects/cecureq/regions/asia-south2/subnetworks/default",
              "https://www.googleapis.com/compute/v1/projects/cecureq/regions/northamerica-northeast2/subnetworks/default",
              "https://www.googleapis.com/compute/v1/projects/cecureq/regions/europe-west2/subnetworks/default",
              "https://www.googleapis.com/compute/v1/projects/cecureq/regions/australia-southeast1/subnetworks/default",
              "https://www.googleapis.com/compute/v1/projects/cecureq/regions/europe-central2/subnetworks/default"
            ]
          },
          "sensitive_attributes": []
        }
      ]
    },
    {
      "mode": "managed",
      "type": "google_compute_subnetwork",
      "name": "subnet",
      "provider": "provider[\"registry.terraform.io/hashicorp/google\"]",
      "instances": [
        {
          "schema_version": 0,
          "attributes": {
            "creation_timestamp": "2024-09-02T18:50:29.953-07:00",
            "description": "",
            "external_ipv6_prefix": "",
            "fingerprint": null,
            "gateway_address": "10.0.0.1",
            "id": "projects/cecureq/regions/us-central1/subnetworks/time-api-subnet",
            "internal_ipv6_prefix": "",
            "ip_cidr_range": "10.0.0.0/24",
            "ipv6_access_type": "",
            "ipv6_cidr_range": "",
            "log_config": [],
            "name": "time-api-subnet",
            "network": "https://www.googleapis.com/compute/v1/projects/cecureq/global/networks/default",
            "private_ip_google_access": true,
            "private_ipv6_google_access": "DISABLE_GOOGLE_ACCESS",
            "project": "cecureq",
            "purpose": "PRIVATE",
            "region": "us-central1",
            "role": "",
            "secondary_ip_range": [
              {
                "ip_cidr_range": "10.28.0.0/14",
                "range_name": "gke-time-api-cluster-pods-9f8d3277"
              }
            ],
            "self_link": "https://www.googleapis.com/compute/v1/projects/cecureq/regions/us-central1/subnetworks/time-api-subnet",
            "stack_type": "IPV4_ONLY",
            "timeouts": null
          },
          "sensitive_attributes": [],
          "private": "eyJlMmJmYjczMC1lY2FhLTExZTYtOGY4OC0zNDM2M2JjN2M0YzAiOnsiY3JlYXRlIjoxMjAwMDAwMDAwMDAwLCJkZWxldGUiOjEyMDAwMDAwMDAwMDAsInVwZGF0ZSI6MTIwMDAwMDAwMDAwMH19",
          "dependencies": [
            "data.google_compute_network.existing_network"
          ]
        }
      ]
    },
    {
      "mode": "managed",
      "type": "google_container_cluster",
      "name": "primary",
      "provider": "provider[\"registry.terraform.io/hashicorp/google\"]",
      "instances": [
        {
          "schema_version": 1,
          "attributes": {
            "addons_config": [
              {
                "cloudrun_config": [],
                "config_connector_config": [],
                "dns_cache_config": [],
                "gce_persistent_disk_csi_driver_config": [
                  {
                    "enabled": true
                  }
                ],
                "gcp_filestore_csi_driver_config": [],
                "gcs_fuse_csi_driver_config": [],
                "gke_backup_agent_config": [],
                "horizontal_pod_autoscaling": [],
                "http_load_balancing": [],
                "network_policy_config": [
                  {
                    "disabled": true
                  }
                ]
              }
            ],
            "allow_net_admin": null,
            "authenticator_groups_config": [],
            "binary_authorization": [
              {
                "enabled": false,
                "evaluation_mode": ""
              }
            ],
            "cluster_autoscaling": [
              {
                "auto_provisioning_defaults": [],
                "enabled": false,
                "resource_limits": []
              }
            ],
            "cluster_ipv4_cidr": "10.28.0.0/14",
            "confidential_nodes": [],
            "cost_management_config": [],
            "database_encryption": [
              {
                "key_name": "",
                "state": "DECRYPTED"
              }
            ],
            "datapath_provider": "",
            "default_max_pods_per_node": 110,
            "default_snat_status": [
              {
                "disabled": false
              }
            ],
            "description": "",
            "dns_config": [],
            "enable_autopilot": false,
            "enable_binary_authorization": false,
            "enable_intranode_visibility": false,
            "enable_k8s_beta_apis": [],
            "enable_kubernetes_alpha": false,
            "enable_l4_ilb_subsetting": false,
            "enable_legacy_abac": false,
            "enable_shielded_nodes": true,
            "enable_tpu": false,
            "endpoint": "35.192.42.179",
            "gateway_api_config": [],
            "id": "projects/cecureq/locations/us-central1-a/clusters/time-api-cluster",
            "initial_node_count": 1,
            "ip_allocation_policy": [
              {
                "additional_pod_ranges_config": [],
                "cluster_ipv4_cidr_block": "10.28.0.0/14",
                "cluster_secondary_range_name": "gke-time-api-cluster-pods-9f8d3277",
                "pod_cidr_overprovision_config": [
                  {
                    "disabled": false
                  }
                ],
                "services_ipv4_cidr_block": "34.118.224.0/20",
                "services_secondary_range_name": "",
                "stack_type": "IPV4"
              }
            ],
            "label_fingerprint": "a9dc16a7",
            "location": "us-central1-a",
            "logging_config": [
              {
                "enable_components": [
                  "SYSTEM_COMPONENTS",
                  "WORKLOADS"
                ]
              }
            ],
            "logging_service": "logging.googleapis.com/kubernetes",
            "maintenance_policy": [],
            "master_auth": [
              {
                "client_certificate": "",
                "client_certificate_config": [
                  {
                    "issue_client_certificate": false
                  }
                ],
                "client_key": "",
                "cluster_ca_certificate": "LS0tLS1CRUdJTiBDRVJUSUZJQ0FURS0tLS0tCk1JSUVMVENDQXBXZ0F3SUJBZ0lSQUpaVCtROWlTbWliYVFrclpwRThzMk13RFFZSktvWklodmNOQVFFTEJRQXcKTHpFdE1Dc0dBMVVFQXhNa01qRmpZMk5tWkdVdE1XSXlZUzAwTnpkaExUbGhZall0TkRBMU1URmxaREl6TkRkaApNQ0FYRFRJME1Ea3dNekF3TlRBME5sb1lEekl3TlRRd09ESTNNREUxTURRMldqQXZNUzB3S3dZRFZRUURFeVF5Ck1XTmpZMlprWlMweFlqSmhMVFEzTjJFdE9XRmlOaTAwTURVeE1XVmtNak0wTjJFd2dnR2lNQTBHQ1NxR1NJYjMKRFFFQkFRVUFBNElCandBd2dnR0tBb0lCZ1FDVlFTV09nMUU1Y0NUampPaW9PUHBlYTI1bEZ1MFEwZEhENVkzawpDeUpQZEgxZ0dGUnRNYUNtVFRReldxWGU4bnNPZlU2V0tKd2ZMc1hQRG9WdTM5RW5hSm1FSW9ESDFiNUZkRE83CjJXcXlObkxyMFI2UEU4VHBLc1g1QVdnMmFCZFlieStCdmJjVVF2TmZmb3BpL04yZ0ZNYk5SdDl6VjFwVHcyYW8KZWZLRWZCMS8yTndmMUhJaWhRRUpwVVZ5SGZ4dng4SmY2Sm1PMUlaeU5TekZuWlIweUlhT3Nzb0huRFZlaVpvQQpFMVR2dnRHdFdFUUVTYk4yRE9obzNtR0x6ZEc4eFo5eE9keFYxOW5QRDltM1lDMlVDWC9Kb2ZkY1UwMWI5eVVjCjh1SS9tZWN2eFE2ZERva3dabEVmWFM2Q1JMbVh1QTVnZEFNdytvek1RYndRbkpmL1FGWm5tTDIwaEZ1NGVnRFEKWkR6TWRpTS9CNmlmUENNdldtUTV1MWI1bHBnOGJsU0h5Qi9RUVRvc0FHQmc0NGFGYkFSc2dHSElJODV0eVNrVwpkZ1FTOFF5RWxtNHV0VC9DTERaLzRzRDB5YThobWNhRTQ4VE5rdms4dXlTZkRTcm1zUy90TEU2U1FESndNb0tKCjdKTktkSWxHc0xndUxXcVg4Y09PUmZqTGEyY0NBd0VBQWFOQ01FQXdEZ1lEVlIwUEFRSC9CQVFEQWdJRU1BOEcKQTFVZEV3RUIvd1FGTUFNQkFmOHdIUVlEVlIwT0JCWUVGTW5DQjFOeWp2a1dRZ3lpL2w2NW5kSmNvM0xsTUEwRwpDU3FHU0liM0RRRUJDd1VBQTRJQmdRQmdqcGJIS1VNSlRBazFkeEgwMzhPT0RSWlAzQXpJMlVvYjUwSm5Sb05jCjJwRzRoVG5GMlFVeUt0SlBFRGc3VmZYZVRhdkh5N3pzNGRHWmY3VVhqNmg0RS9kTXhJaW9meTVpT3o1ZVhTV24KRTNPMDNBZG5aZEZ4L2R1ZGs0OGtoTTlhQTZ1bUlXMVRRcXM4WDB5bitVTEdiZnp0MHNRMzN0eFhSU1NUNFJJRwpaMmlYYXJtYVJqcm4yZ0ZXOUROTi9WekR4U3o5V2l1OWtBbkFMZWgrRUQrbVpVbHQ2ek9BcWlLUE9kZk9uSFRpClJwb0prbnpWNWptNjdsMUdNSDRCVExJLzlCc0tWMk93TFNaMFNrcW5wbGZRNDIxakdWY3JNVEFNZEh0cjd2OVoKVjk5RnczSTRIK1V1R0h0UTdNZjE5RFVaeEMrRFk3VUVidngzTTVSMVlJQzZmbjAvS1dacFdiYlJLT2NTc3drLwpSUnhYSHkzWUxIeW9pd0tja0VYMWhGazc2OEVNV3lIUUNIcEdtZ0hRY3kyRGZrenhjVWlpZEFqYWt0Wm5OZE9rCk5PcXZKZjAvK25rMnY1ZERCUnJoK0lqVks2TVVpY0F3Vkc3cmhvVTZyeFd5OTgvTWczN0UzMXZpcCtLdlE5TzYKYS93WHVuaFZWSUZzNWpqeVhqYmNhTHc9Ci0tLS0tRU5EIENFUlRJRklDQVRFLS0tLS0K"
              }
            ],
            "master_authorized_networks_config": [],
            "master_version": "1.29.7-gke.1104000",
            "mesh_certificates": [],
            "min_master_version": null,
            "monitoring_config": [
              {
                "advanced_datapath_observability_config": [
                  {
                    "enable_metrics": false,
                    "relay_mode": ""
                  }
                ],
                "enable_components": [
                  "SYSTEM_COMPONENTS",
                  "STORAGE",
                  "HPA",
                  "POD",
                  "DAEMONSET",
                  "DEPLOYMENT",
                  "STATEFULSET",
                  "CADVISOR",
                  "KUBELET"
                ],
                "managed_prometheus": [
                  {
                    "enabled": true
                  }
                ]
              }
            ],
            "monitoring_service": "monitoring.googleapis.com/kubernetes",
            "name": "time-api-cluster",
            "network": "projects/cecureq/global/networks/default",
            "network_policy": [
              {
                "enabled": false,
                "provider": "PROVIDER_UNSPECIFIED"
              }
            ],
            "networking_mode": "VPC_NATIVE",
            "node_config": [
              {
                "advanced_machine_features": [],
                "boot_disk_kms_key": "",
                "confidential_nodes": [],
                "disk_size_gb": 10,
                "disk_type": "pd-balanced",
                "ephemeral_storage_local_ssd_config": [],
                "fast_socket": [],
                "gcfs_config": [],
                "guest_accelerator": [],
                "gvnic": [],
                "host_maintenance_policy": [],
                "image_type": "COS_CONTAINERD",
                "kubelet_config": [],
                "labels": {
                  "env": "dev"
                },
                "linux_node_config": [],
                "local_nvme_ssd_block_config": [],
                "local_ssd_count": 0,
                "logging_variant": "DEFAULT",
                "machine_type": "n1-standard-1",
                "metadata": {
                  "disable-legacy-endpoints": "true"
                },
                "min_cpu_platform": "",
                "node_group": "",
                "oauth_scopes": [
                  "https://www.googleapis.com/auth/logging.write",
                  "https://www.googleapis.com/auth/monitoring"
                ],
                "preemptible": true,
                "reservation_affinity": [],
                "resource_labels": {},
                "service_account": "default",
                "shielded_instance_config": [
                  {
                    "enable_integrity_monitoring": true,
                    "enable_secure_boot": false
                  }
                ],
                "sole_tenant_config": [],
                "spot": false,
                "tags": [],
                "taint": [],
                "workload_metadata_config": []
              }
            ],
            "node_locations": [],
            "node_pool": [
              {
                "autoscaling": [],
                "initial_node_count": 1,
                "instance_group_urls": [
                  "https://www.googleapis.com/compute/v1/projects/cecureq/zones/us-central1-a/instanceGroupManagers/gke-time-api-cluster-time-api-cluster-a35ac341-grp"
                ],
                "managed_instance_group_urls": [
                  "https://www.googleapis.com/compute/v1/projects/cecureq/zones/us-central1-a/instanceGroups/gke-time-api-cluster-time-api-cluster-a35ac341-grp"
                ],
                "management": [
                  {
                    "auto_repair": true,
                    "auto_upgrade": true
                  }
                ],
                "max_pods_per_node": 110,
                "name": "time-api-cluster-node-pool",
                "name_prefix": "",
                "network_config": [
                  {
                    "create_pod_range": false,
                    "enable_private_nodes": true,
                    "pod_cidr_overprovision_config": [],
                    "pod_ipv4_cidr_block": "10.28.0.0/14",
                    "pod_range": "gke-time-api-cluster-pods-9f8d3277"
                  }
                ],
                "node_config": [
                  {
                    "advanced_machine_features": [],
                    "boot_disk_kms_key": "",
                    "confidential_nodes": [],
                    "disk_size_gb": 10,
                    "disk_type": "pd-balanced",
                    "ephemeral_storage_local_ssd_config": [],
                    "fast_socket": [],
                    "gcfs_config": [],
                    "guest_accelerator": [],
                    "gvnic": [],
                    "host_maintenance_policy": [],
                    "image_type": "COS_CONTAINERD",
                    "kubelet_config": [],
                    "labels": {
                      "env": "dev"
                    },
                    "linux_node_config": [],
                    "local_nvme_ssd_block_config": [],
                    "local_ssd_count": 0,
                    "logging_variant": "DEFAULT",
                    "machine_type": "n1-standard-1",
                    "metadata": {
                      "disable-legacy-endpoints": "true"
                    },
                    "min_cpu_platform": "",
                    "node_group": "",
                    "oauth_scopes": [
                      "https://www.googleapis.com/auth/logging.write",
                      "https://www.googleapis.com/auth/monitoring"
                    ],
                    "preemptible": true,
                    "reservation_affinity": [],
                    "resource_labels": {},
                    "service_account": "default",
                    "shielded_instance_config": [
                      {
                        "enable_integrity_monitoring": true,
                        "enable_secure_boot": false
                      }
                    ],
                    "sole_tenant_config": [],
                    "spot": false,
                    "tags": [],
                    "taint": [],
                    "workload_metadata_config": []
                  }
                ],
                "node_count": 1,
                "node_locations": [
                  "us-central1-a"
                ],
                "placement_policy": [],
                "upgrade_settings": [
                  {
                    "blue_green_settings": [],
                    "max_surge": 1,
                    "max_unavailable": 0,
                    "strategy": "SURGE"
                  }
                ],
                "version": "1.29.7-gke.1104000"
              }
            ],
            "node_pool_auto_config": [],
            "node_pool_defaults": [
              {
                "node_config_defaults": [
                  {
                    "logging_variant": "DEFAULT"
                  }
                ]
              }
            ],
            "node_version": "1.29.7-gke.1104000",
            "notification_config": [
              {
                "pubsub": [
                  {
                    "enabled": false,
                    "filter": [],
                    "topic": ""
                  }
                ]
              }
            ],
            "operation": null,
            "private_cluster_config": [
              {
                "enable_private_endpoint": false,
                "enable_private_nodes": true,
                "master_global_access_config": [
                  {
                    "enabled": false
                  }
                ],
                "master_ipv4_cidr_block": "172.16.0.0/28",
                "peering_name": "",
                "private_endpoint": "172.16.0.2",
                "private_endpoint_subnetwork": "",
                "public_endpoint": "35.192.42.179"
              }
            ],
            "private_ipv6_google_access": "",
            "project": "cecureq",
            "release_channel": [
              {
                "channel": "REGULAR"
              }
            ],
            "remove_default_node_pool": true,
            "resource_labels": {},
            "resource_usage_export_config": [],
            "security_posture_config": [
              {
                "mode": "BASIC",
                "vulnerability_mode": "VULNERABILITY_MODE_UNSPECIFIED"
              }
            ],
            "self_link": "https://container.googleapis.com/v1/projects/cecureq/zones/us-central1-a/clusters/time-api-cluster",
            "service_external_ips_config": [
              {
                "enabled": false
              }
            ],
            "services_ipv4_cidr": "34.118.224.0/20",
            "subnetwork": "projects/cecureq/regions/us-central1/subnetworks/time-api-subnet",
            "timeouts": null,
            "tpu_ipv4_cidr_block": "",
            "vertical_pod_autoscaling": [],
            "workload_identity_config": []
          },
          "sensitive_attributes": [],
          "private": "eyJlMmJmYjczMC1lY2FhLTExZTYtOGY4OC0zNDM2M2JjN2M0YzAiOnsiY3JlYXRlIjoyNDAwMDAwMDAwMDAwLCJkZWxldGUiOjI0MDAwMDAwMDAwMDAsInJlYWQiOjI0MDAwMDAwMDAwMDAsInVwZGF0ZSI6MzYwMDAwMDAwMDAwMH0sInNjaGVtYV92ZXJzaW9uIjoiMSJ9",
          "dependencies": [
            "data.google_compute_network.existing_network",
            "google_compute_subnetwork.subnet"
          ]
        }
      ]
    },
    {
      "mode": "managed",
      "type": "kubernetes_namespace",
      "name": "time_api",
      "provider": "provider[\"registry.terraform.io/hashicorp/kubernetes\"]",
      "instances": [
        {
          "schema_version": 0,
          "attributes": {
            "id": "time-api",
            "metadata": [
              {
                "annotations": {},
                "generate_name": "",
                "generation": 0,
                "labels": {},
                "name": "time-api",
                "resource_version": "4629",
                "uid": "50a49563-6680-4f90-b594-5b52d42b426e"
              }
            ],
            "timeouts": null,
            "wait_for_default_service_account": false
          },
          "sensitive_attributes": [],
          "private": "eyJlMmJmYjczMC1lY2FhLTExZTYtOGY4OC0zNDM2M2JjN2M0YzAiOnsiZGVsZXRlIjozMDAwMDAwMDAwMDB9fQ==",
          "dependencies": [
            "data.google_client_config.default",
            "data.google_compute_network.existing_network",
            "google_compute_subnetwork.subnet",
            "google_container_cluster.primary"
          ]
        }
      ]
    }
  ],
  "check_results": null
}
