{
  "version": 4,
  "terraform_version": "1.5.6",
  "serial": 24,
  "lineage": "7e75b325-28fa-bbd0-d2e6-f6c4424e94f1",
  "outputs": {},
  "resources": [
    {
      "mode": "data",
      "type": "google_client_config",
      "name": "default",
      "provider": "provider[\"registry.terraform.io/hashicorp/google\"]",
      "instances": [
        {
          "schema_version": 0,
          "attributes": {
            "access_token": "ya29.c.c0ASRK0GbAbLyTBjtvqxpqvmBI1FoIshJlJoIMS7TD4A0S61HG-8OPwIdY0lYLHlZxl-9lkU8_maz9SMNwtLZG1Y8ey32MICa_BaQCottp9CPYlpieASUo7cKUtJqFwidVusu34Dy3YhK1grrY-vGPRlv3ZPH3t0YarN8j5tzUWtMwCkXC_7qsJVTBK87Qs5q-q9Z_J4mcpv-fHcscyUYC1OTDhfYyT3CXLgbouC_RMADaZCCnfd60nCYViv9MNTS1UDW_YX89HZ6j_zt04iqZHmjf7tnBjja3kWwaWSNCUGovRkAYNw19HowFJ9txpWPJOZwjjxyZpaw0PMTMSkIM1LlGELcQnAobSjARv5pAe5eXmd7Ktx0JOdscT385C8S-8m_UXJBZfO22ocwgO23suX9FqzpQBpaF_5onXRi-rfk1zyqFORo_bqnkxfhvj-R8b7yyOlsdW1W2b4cqoZdkSmId4FXeYleUx869WYeB5l04Ucec-Qzgjyds-O5VyBj7Iwylig-p6YXB0vW6ZfB0V2bQrdwQIQl8MjpugsjuU_Vwa4rcdn5cRirrknWeMWktYrBeSmJoVcJBY_e2FYeRZzJkS9X9oo61t8eqBfx0d7Rb7ypwWk4lvqMFFd8yZlI91M8anmalxWYZo_nhVg0obsiI8Qdx_hpI88thushepzZmiQxi0YBos5fMxpR42VUIevrnfO_idOdbO4jb9JZF5g03j5fnyymXuyfxh72tROaVVzZ7XUgO2Om_8tr0JaXRun0jfXdZ5epJraxOkUz9SBpY-hy_hmS96ormmIMV7rg5RctkoJjkrgQrmvjRu1uxSp5I9i9XtR8ks7kpVix2niIrbMj5BdMr1u6bcqf8FjunUadupMF4ngxMmO0hiZFkjkRjorIt5YXw6fFVMStfBiBact5g4F6RoiRmfk6bV-IIkxvd9cI2qx2jamW9Bu2aZySiv5OQ9cxazXqo9Xb0o8iR1q0kmiBJ8Fdpq2-SoMlgcIVmSIadRJI",
            "id": "projects/\"cecureq\"/regions/\"us-central1\"/zones/\u003cnull\u003e",
            "project": "cecureq",
            "region": "us-central1",
            "zone": null
          },
          "sensitive_attributes": []
        }
      ]
    },
    {
      "mode": "data",
      "type": "google_compute_network",
      "name": "existing_network",
      "provider": "provider[\"registry.terraform.io/hashicorp/google\"]",
      "instances": [
        {
          "schema_version": 0,
          "attributes": {
            "description": "Default network for the project",
            "gateway_ipv4": "",
            "id": "projects/cecureq/global/networks/default",
            "name": "default",
            "project": null,
            "self_link": "https://www.googleapis.com/compute/v1/projects/cecureq/global/networks/default",
            "subnetworks_self_links": [
              "https://www.googleapis.com/compute/v1/projects/cecureq/regions/us-west1/subnetworks/default",
              "https://www.googleapis.com/compute/v1/projects/cecureq/regions/asia-east2/subnetworks/default",
              "https://www.googleapis.com/compute/v1/projects/cecureq/regions/asia-east1/subnetworks/default",
              "https://www.googleapis.com/compute/v1/projects/cecureq/regions/africa-south1/subnetworks/default",
              "https://www.googleapis.com/compute/v1/projects/cecureq/regions/southamerica-west1/subnetworks/default",
              "https://www.googleapis.com/compute/v1/projects/cecureq/regions/asia-northeast3/subnetworks/default",
              "https://www.googleapis.com/compute/v1/projects/cecureq/regions/europe-west6/subnetworks/default",
              "https://www.googleapis.com/compute/v1/projects/cecureq/regions/us-central1/subnetworks/default",
              "https://www.googleapis.com/compute/v1/projects/cecureq/regions/europe-north1/subnetworks/default",
              "https://www.googleapis.com/compute/v1/projects/cecureq/regions/us-east5/subnetworks/default",
              "https://www.googleapis.com/compute/v1/projects/cecureq/regions/asia-south1/subnetworks/default",
              "https://www.googleapis.com/compute/v1/projects/cecureq/regions/europe-west9/subnetworks/default",
              "https://www.googleapis.com/compute/v1/projects/cecureq/regions/northamerica-northeast1/subnetworks/default",
              "https://www.googleapis.com/compute/v1/projects/cecureq/regions/europe-west8/subnetworks/default",
              "https://www.googleapis.com/compute/v1/projects/cecureq/regions/us-central1/subnetworks/time-api-subnet",
              "https://www.googleapis.com/compute/v1/projects/cecureq/regions/us-south1/subnetworks/default",
              "https://www.googleapis.com/compute/v1/projects/cecureq/regions/me-west1/subnetworks/default",
              "https://www.googleapis.com/compute/v1/projects/cecureq/regions/us-west8/subnetworks/default",
              "https://www.googleapis.com/compute/v1/projects/cecureq/regions/us-west3/subnetworks/default",
              "https://www.googleapis.com/compute/v1/projects/cecureq/regions/me-central1/subnetworks/default",
              "https://www.googleapis.com/compute/v1/projects/cecureq/regions/us-central1/subnetworks/gke-time-api-cluster-0b3958a5-pe-subnet",
              "https://www.googleapis.com/compute/v1/projects/cecureq/regions/us-east1/subnetworks/default",
              "https://www.googleapis.com/compute/v1/projects/cecureq/regions/europe-west12/subnetworks/default",
              "https://www.googleapis.com/compute/v1/projects/cecureq/regions/asia-northeast1/subnetworks/default",
              "https://www.googleapis.com/compute/v1/projects/cecureq/regions/europe-west4/subnetworks/default",
              "https://www.googleapis.com/compute/v1/projects/cecureq/regions/europe-west10/subnetworks/default",
              "https://www.googleapis.com/compute/v1/projects/cecureq/regions/europe-west1/subnetworks/default",
              "https://www.googleapis.com/compute/v1/projects/cecureq/regions/asia-southeast1/subnetworks/default",
              "https://www.googleapis.com/compute/v1/projects/cecureq/regions/asia-northeast2/subnetworks/default",
              "https://www.googleapis.com/compute/v1/projects/cecureq/regions/australia-southeast2/subnetworks/default",
              "https://www.googleapis.com/compute/v1/projects/cecureq/regions/us-west2/subnetworks/default",
              "https://www.googleapis.com/compute/v1/projects/cecureq/regions/us-east4/subnetworks/default",
              "https://www.googleapis.com/compute/v1/projects/cecureq/regions/us-west4/subnetworks/default",
              "https://www.googleapis.com/compute/v1/projects/cecureq/regions/southamerica-east1/subnetworks/default",
              "https://www.googleapis.com/compute/v1/projects/cecureq/regions/europe-southwest1/subnetworks/default",
              "https://www.googleapis.com/compute/v1/projects/cecureq/regions/asia-southeast2/subnetworks/default",
              "https://www.googleapis.com/compute/v1/projects/cecureq/regions/europe-west3/subnetworks/default",
              "https://www.googleapis.com/compute/v1/projects/cecureq/regions/asia-south2/subnetworks/default",
              "https://www.googleapis.com/compute/v1/projects/cecureq/regions/northamerica-northeast2/subnetworks/default",
              "https://www.googleapis.com/compute/v1/projects/cecureq/regions/europe-west2/subnetworks/default",
              "https://www.googleapis.com/compute/v1/projects/cecureq/regions/australia-southeast1/subnetworks/default",
              "https://www.googleapis.com/compute/v1/projects/cecureq/regions/europe-central2/subnetworks/default"
            ]
          },
          "sensitive_attributes": []
        }
      ]
    },
    {
      "mode": "managed",
      "type": "google_compute_subnetwork",
      "name": "subnet",
      "provider": "provider[\"registry.terraform.io/hashicorp/google\"]",
      "instances": [
        {
          "schema_version": 0,
          "attributes": {
            "creation_timestamp": "2024-09-02T18:50:29.953-07:00",
            "description": "",
            "external_ipv6_prefix": "",
            "fingerprint": null,
            "gateway_address": "10.0.0.1",
            "id": "projects/cecureq/regions/us-central1/subnetworks/time-api-subnet",
            "internal_ipv6_prefix": "",
            "ip_cidr_range": "10.0.0.0/24",
            "ipv6_access_type": "",
            "ipv6_cidr_range": "",
            "log_config": [],
            "name": "time-api-subnet",
            "network": "https://www.googleapis.com/compute/v1/projects/cecureq/global/networks/default",
            "private_ip_google_access": true,
            "private_ipv6_google_access": "DISABLE_GOOGLE_ACCESS",
            "project": "cecureq",
            "purpose": "PRIVATE",
            "region": "us-central1",
            "role": "",
            "secondary_ip_range": [
              {
                "ip_cidr_range": "10.28.0.0/14",
                "range_name": "gke-time-api-cluster-pods-9f8d3277"
              }
            ],
            "self_link": "https://www.googleapis.com/compute/v1/projects/cecureq/regions/us-central1/subnetworks/time-api-subnet",
            "stack_type": "IPV4_ONLY",
            "timeouts": null
          },
          "sensitive_attributes": [],
          "private": "eyJlMmJmYjczMC1lY2FhLTExZTYtOGY4OC0zNDM2M2JjN2M0YzAiOnsiY3JlYXRlIjoxMjAwMDAwMDAwMDAwLCJkZWxldGUiOjEyMDAwMDAwMDAwMDAsInVwZGF0ZSI6MTIwMDAwMDAwMDAwMH19",
          "dependencies": [
            "data.google_compute_network.existing_network"
          ]
        }
      ]
    },
    {
      "mode": "managed",
      "type": "google_container_cluster",
      "name": "primary",
      "provider": "provider[\"registry.terraform.io/hashicorp/google\"]",
      "instances": [
        {
          "schema_version": 1,
          "attributes": {
            "addons_config": [
              {
                "cloudrun_config": [],
                "config_connector_config": [],
                "dns_cache_config": [],
                "gce_persistent_disk_csi_driver_config": [
                  {
                    "enabled": true
                  }
                ],
                "gcp_filestore_csi_driver_config": [],
                "gcs_fuse_csi_driver_config": [],
                "gke_backup_agent_config": [],
                "horizontal_pod_autoscaling": [],
                "http_load_balancing": [],
                "network_policy_config": [
                  {
                    "disabled": true
                  }
                ]
              }
            ],
            "allow_net_admin": null,
            "authenticator_groups_config": [],
            "binary_authorization": [
              {
                "enabled": false,
                "evaluation_mode": ""
              }
            ],
            "cluster_autoscaling": [
              {
                "auto_provisioning_defaults": [],
                "enabled": false,
                "resource_limits": []
              }
            ],
            "cluster_ipv4_cidr": "10.28.0.0/14",
            "confidential_nodes": [],
            "cost_management_config": [],
            "database_encryption": [
              {
                "key_name": "",
                "state": "DECRYPTED"
              }
            ],
            "datapath_provider": "",
            "default_max_pods_per_node": 110,
            "default_snat_status": [
              {
                "disabled": false
              }
            ],
            "description": "",
            "dns_config": [],
            "enable_autopilot": false,
            "enable_binary_authorization": false,
            "enable_intranode_visibility": false,
            "enable_k8s_beta_apis": [],
            "enable_kubernetes_alpha": false,
            "enable_l4_ilb_subsetting": false,
            "enable_legacy_abac": false,
            "enable_shielded_nodes": true,
            "enable_tpu": false,
            "endpoint": "35.192.42.179",
            "gateway_api_config": [],
            "id": "projects/cecureq/locations/us-central1-a/clusters/time-api-cluster",
            "initial_node_count": 1,
            "ip_allocation_policy": [
              {
                "additional_pod_ranges_config": [],
                "cluster_ipv4_cidr_block": "10.28.0.0/14",
                "cluster_secondary_range_name": "gke-time-api-cluster-pods-9f8d3277",
                "pod_cidr_overprovision_config": [
                  {
                    "disabled": false
                  }
                ],
                "services_ipv4_cidr_block": "34.118.224.0/20",
                "services_secondary_range_name": "",
                "stack_type": "IPV4"
              }
            ],
            "label_fingerprint": "a9dc16a7",
            "location": "us-central1-a",
            "logging_config": [
              {
                "enable_components": [
                  "SYSTEM_COMPONENTS",
                  "WORKLOADS"
                ]
              }
            ],
            "logging_service": "logging.googleapis.com/kubernetes",
            "maintenance_policy": [],
            "master_auth": [
              {
                "client_certificate": "",
                "client_certificate_config": [
                  {
                    "issue_client_certificate": false
                  }
                ],
                "client_key": "",
                "cluster_ca_certificate": "LS0tLS1CRUdJTiBDRVJUSUZJQ0FURS0tLS0tCk1JSUVMVENDQXBXZ0F3SUJBZ0lSQUpaVCtROWlTbWliYVFrclpwRThzMk13RFFZSktvWklodmNOQVFFTEJRQXcKTHpFdE1Dc0dBMVVFQXhNa01qRmpZMk5tWkdVdE1XSXlZUzAwTnpkaExUbGhZall0TkRBMU1URmxaREl6TkRkaApNQ0FYRFRJME1Ea3dNekF3TlRBME5sb1lEekl3TlRRd09ESTNNREUxTURRMldqQXZNUzB3S3dZRFZRUURFeVF5Ck1XTmpZMlprWlMweFlqSmhMVFEzTjJFdE9XRmlOaTAwTURVeE1XVmtNak0wTjJFd2dnR2lNQTBHQ1NxR1NJYjMKRFFFQkFRVUFBNElCandBd2dnR0tBb0lCZ1FDVlFTV09nMUU1Y0NUampPaW9PUHBlYTI1bEZ1MFEwZEhENVkzawpDeUpQZEgxZ0dGUnRNYUNtVFRReldxWGU4bnNPZlU2V0tKd2ZMc1hQRG9WdTM5RW5hSm1FSW9ESDFiNUZkRE83CjJXcXlObkxyMFI2UEU4VHBLc1g1QVdnMmFCZFlieStCdmJjVVF2TmZmb3BpL04yZ0ZNYk5SdDl6VjFwVHcyYW8KZWZLRWZCMS8yTndmMUhJaWhRRUpwVVZ5SGZ4dng4SmY2Sm1PMUlaeU5TekZuWlIweUlhT3Nzb0huRFZlaVpvQQpFMVR2dnRHdFdFUUVTYk4yRE9obzNtR0x6ZEc4eFo5eE9keFYxOW5QRDltM1lDMlVDWC9Kb2ZkY1UwMWI5eVVjCjh1SS9tZWN2eFE2ZERva3dabEVmWFM2Q1JMbVh1QTVnZEFNdytvek1RYndRbkpmL1FGWm5tTDIwaEZ1NGVnRFEKWkR6TWRpTS9CNmlmUENNdldtUTV1MWI1bHBnOGJsU0h5Qi9RUVRvc0FHQmc0NGFGYkFSc2dHSElJODV0eVNrVwpkZ1FTOFF5RWxtNHV0VC9DTERaLzRzRDB5YThobWNhRTQ4VE5rdms4dXlTZkRTcm1zUy90TEU2U1FESndNb0tKCjdKTktkSWxHc0xndUxXcVg4Y09PUmZqTGEyY0NBd0VBQWFOQ01FQXdEZ1lEVlIwUEFRSC9CQVFEQWdJRU1BOEcKQTFVZEV3RUIvd1FGTUFNQkFmOHdIUVlEVlIwT0JCWUVGTW5DQjFOeWp2a1dRZ3lpL2w2NW5kSmNvM0xsTUEwRwpDU3FHU0liM0RRRUJDd1VBQTRJQmdRQmdqcGJIS1VNSlRBazFkeEgwMzhPT0RSWlAzQXpJMlVvYjUwSm5Sb05jCjJwRzRoVG5GMlFVeUt0SlBFRGc3VmZYZVRhdkh5N3pzNGRHWmY3VVhqNmg0RS9kTXhJaW9meTVpT3o1ZVhTV24KRTNPMDNBZG5aZEZ4L2R1ZGs0OGtoTTlhQTZ1bUlXMVRRcXM4WDB5bitVTEdiZnp0MHNRMzN0eFhSU1NUNFJJRwpaMmlYYXJtYVJqcm4yZ0ZXOUROTi9WekR4U3o5V2l1OWtBbkFMZWgrRUQrbVpVbHQ2ek9BcWlLUE9kZk9uSFRpClJwb0prbnpWNWptNjdsMUdNSDRCVExJLzlCc0tWMk93TFNaMFNrcW5wbGZRNDIxakdWY3JNVEFNZEh0cjd2OVoKVjk5RnczSTRIK1V1R0h0UTdNZjE5RFVaeEMrRFk3VUVidngzTTVSMVlJQzZmbjAvS1dacFdiYlJLT2NTc3drLwpSUnhYSHkzWUxIeW9pd0tja0VYMWhGazc2OEVNV3lIUUNIcEdtZ0hRY3kyRGZrenhjVWlpZEFqYWt0Wm5OZE9rCk5PcXZKZjAvK25rMnY1ZERCUnJoK0lqVks2TVVpY0F3Vkc3cmhvVTZyeFd5OTgvTWczN0UzMXZpcCtLdlE5TzYKYS93WHVuaFZWSUZzNWpqeVhqYmNhTHc9Ci0tLS0tRU5EIENFUlRJRklDQVRFLS0tLS0K"
              }
            ],
            "master_authorized_networks_config": [],
            "master_version": "1.29.7-gke.1104000",
            "mesh_certificates": [],
            "min_master_version": null,
            "monitoring_config": [
              {
                "advanced_datapath_observability_config": [
                  {
                    "enable_metrics": false,
                    "relay_mode": ""
                  }
                ],
                "enable_components": [
                  "SYSTEM_COMPONENTS",
                  "STORAGE",
                  "HPA",
                  "POD",
                  "DAEMONSET",
                  "DEPLOYMENT",
                  "STATEFULSET",
                  "CADVISOR",
                  "KUBELET"
                ],
                "managed_prometheus": [
                  {
                    "enabled": true
                  }
                ]
              }
            ],
            "monitoring_service": "monitoring.googleapis.com/kubernetes",
            "name": "time-api-cluster",
            "network": "projects/cecureq/global/networks/default",
            "network_policy": [
              {
                "enabled": false,
                "provider": "PROVIDER_UNSPECIFIED"
              }
            ],
            "networking_mode": "VPC_NATIVE",
            "node_config": [],
            "node_locations": [],
            "node_pool": [],
            "node_pool_auto_config": [],
            "node_pool_defaults": [
              {
                "node_config_defaults": [
                  {
                    "logging_variant": "DEFAULT"
                  }
                ]
              }
            ],
            "node_version": "1.29.7-gke.1104000",
            "notification_config": [
              {
                "pubsub": [
                  {
                    "enabled": false,
                    "filter": [],
                    "topic": ""
                  }
                ]
              }
            ],
            "operation": null,
            "private_cluster_config": [
              {
                "enable_private_endpoint": false,
                "enable_private_nodes": true,
                "master_global_access_config": [
                  {
                    "enabled": false
                  }
                ],
                "master_ipv4_cidr_block": "172.16.0.0/28",
                "peering_name": "",
                "private_endpoint": "172.16.0.2",
                "private_endpoint_subnetwork": "",
                "public_endpoint": "35.192.42.179"
              }
            ],
            "private_ipv6_google_access": "",
            "project": "cecureq",
            "release_channel": [
              {
                "channel": "REGULAR"
              }
            ],
            "remove_default_node_pool": true,
            "resource_labels": {},
            "resource_usage_export_config": [],
            "security_posture_config": [
              {
                "mode": "BASIC",
                "vulnerability_mode": "VULNERABILITY_MODE_UNSPECIFIED"
              }
            ],
            "self_link": "https://container.googleapis.com/v1/projects/cecureq/zones/us-central1-a/clusters/time-api-cluster",
            "service_external_ips_config": [
              {
                "enabled": false
              }
            ],
            "services_ipv4_cidr": "34.118.224.0/20",
            "subnetwork": "projects/cecureq/regions/us-central1/subnetworks/time-api-subnet",
            "timeouts": null,
            "tpu_ipv4_cidr_block": "",
            "vertical_pod_autoscaling": [],
            "workload_identity_config": []
          },
          "sensitive_attributes": [],
          "private": "eyJlMmJmYjczMC1lY2FhLTExZTYtOGY4OC0zNDM2M2JjN2M0YzAiOnsiY3JlYXRlIjoyNDAwMDAwMDAwMDAwLCJkZWxldGUiOjI0MDAwMDAwMDAwMDAsInJlYWQiOjI0MDAwMDAwMDAwMDAsInVwZGF0ZSI6MzYwMDAwMDAwMDAwMH0sInNjaGVtYV92ZXJzaW9uIjoiMSJ9",
          "dependencies": [
            "data.google_compute_network.existing_network",
            "google_compute_subnetwork.subnet"
          ]
        }
      ]
    },
    {
      "mode": "managed",
      "type": "kubernetes_namespace",
      "name": "time_api",
      "provider": "provider[\"registry.terraform.io/hashicorp/kubernetes\"]",
      "instances": [
        {
          "schema_version": 0,
          "attributes": {
            "id": "time-api",
            "metadata": [
              {
                "annotations": {},
                "generate_name": "",
                "generation": 0,
                "labels": {},
                "name": "time-api",
                "resource_version": "64896",
                "uid": "50a49563-6680-4f90-b594-5b52d42b426e"
              }
            ],
            "timeouts": null,
            "wait_for_default_service_account": false
          },
          "sensitive_attributes": [],
          "private": "eyJlMmJmYjczMC1lY2FhLTExZTYtOGY4OC0zNDM2M2JjN2M0YzAiOnsiZGVsZXRlIjozMDAwMDAwMDAwMDB9fQ==",
          "dependencies": [
            "data.google_client_config.default",
            "data.google_compute_network.existing_network",
            "google_compute_subnetwork.subnet",
            "google_container_cluster.primary"
          ]
        }
      ]
    }
  ],
  "check_results": null
}
