{
  "version": 4,
  "terraform_version": "1.5.6",
  "serial": 11,
  "lineage": "7e75b325-28fa-bbd0-d2e6-f6c4424e94f1",
  "outputs": {
    "kubernetes_cluster_host": {
      "value": "35.192.42.179",
      "type": "string"
    },
    "kubernetes_cluster_name": {
      "value": "time-api-cluster",
      "type": "string"
    }
  },
  "resources": [
    {
      "mode": "data",
      "type": "google_client_config",
      "name": "default",
      "provider": "provider[\"registry.terraform.io/hashicorp/google\"]",
      "instances": [
        {
          "schema_version": 0,
          "attributes": {
            "access_token": "ya29.c.c0ASRK0GbcD9R8uGSjZIZsDsrcB3PT8AqN20P5xbwPyu62GalrFkFaGTMAzVHjRf0EpXet9Fj_I7MOpii9IAIA7leWsCd9vEYoEPqpOf_cDeLnG6QZYmbirnoAt_zxtMJrfeTloEJLWg-rZ-KVkyNkAddoAA-oR7FlwBPQxM9Z_4_Ovqo92xcB7a-wzPeA4Xi-yZIKjHf43WSgwsJyCuGgHrNFJHZDywmeZZpXdACP-oaEu84gpie8wt-LVpA2OR9W1pGlGRuXk-Yjf0rA_BHRYM3CkMSYYsNN-vdTTZI5pvlJIGPrjDOsZgv3VZ-8ZXvIaOFqcc0twTakAVLISuEreA_9WkLcCy4B_cnQ0acRascuqnmPPzlNtZ40E385KZxQOrpVzloYVi1bB_Ir6sBm2oz0MV2nRQtrdXzSpsgO5s8SsX2vpzWRUlztUf0jSgr1mYFS7vO3kkFs1teM9obeUIr73aZXtVqVzwmZrFxbcolUYIIanajWsdMSgkr58WkZx-Iue1JvajgQmVMtMWMBZetqsXfXkvavwhnS4YUjb_hB8dwn-qfoiBh0XuyIssaFi6sq360thRzw6mfzyYqbokag6ooZQF_V_wq_nXOQpzdlfrwRZzS89cgc2zebdeS1gqogV9mwYFnniUOtz8hQev7FOYj67R0FBhjpcWUFcM4g4u04zeqWp-fZUif6XU7V7fVvsVejoZrnVX3bpw96UOyzSb6wRiaQq5qZtoXS-Ywp-87bk-U9J9b9Mn-MYO9gmBye6s9cb3t7yI5uotfcO_5Vuz42cM90nFae8MZ1YuqrciQu-i3mBdfrk1a1f5eSOkZmbekql5kW3c9vfZ1yhBrtFtyIin83-3UXgb3MBn_WX-ZqvoYz5YYkjz-3qmbtVw1qhfQzbFb6cixURpZiQnnfR515qcwzsxquudbsm6ht-rUhqrcZwf3nyXsZaaVvjqWuXraJfeVr7O85g6i9lZlkche3Zcn5cXygsvXFuxSlwY06rbV1886",
            "id": "projects/\"cecureq\"/regions/\"us-central1\"/zones/\u003cnull\u003e",
            "project": "cecureq",
            "region": "us-central1",
            "zone": null
          },
          "sensitive_attributes": []
        }
      ]
    },
    {
      "mode": "data",
      "type": "google_compute_network",
      "name": "existing_network",
      "provider": "provider[\"registry.terraform.io/hashicorp/google\"]",
      "instances": [
        {
          "schema_version": 0,
          "attributes": {
            "description": "Default network for the project",
            "gateway_ipv4": "",
            "id": "projects/cecureq/global/networks/default",
            "name": "default",
            "project": null,
            "self_link": "https://www.googleapis.com/compute/v1/projects/cecureq/global/networks/default",
            "subnetworks_self_links": [
              "https://www.googleapis.com/compute/v1/projects/cecureq/regions/us-west1/subnetworks/default",
              "https://www.googleapis.com/compute/v1/projects/cecureq/regions/asia-east2/subnetworks/default",
              "https://www.googleapis.com/compute/v1/projects/cecureq/regions/asia-east1/subnetworks/default",
              "https://www.googleapis.com/compute/v1/projects/cecureq/regions/africa-south1/subnetworks/default",
              "https://www.googleapis.com/compute/v1/projects/cecureq/regions/southamerica-west1/subnetworks/default",
              "https://www.googleapis.com/compute/v1/projects/cecureq/regions/asia-northeast3/subnetworks/default",
              "https://www.googleapis.com/compute/v1/projects/cecureq/regions/europe-west6/subnetworks/default",
              "https://www.googleapis.com/compute/v1/projects/cecureq/regions/us-central1/subnetworks/default",
              "https://www.googleapis.com/compute/v1/projects/cecureq/regions/europe-north1/subnetworks/default",
              "https://www.googleapis.com/compute/v1/projects/cecureq/regions/us-east5/subnetworks/default",
              "https://www.googleapis.com/compute/v1/projects/cecureq/regions/asia-south1/subnetworks/default",
              "https://www.googleapis.com/compute/v1/projects/cecureq/regions/europe-west9/subnetworks/default",
              "https://www.googleapis.com/compute/v1/projects/cecureq/regions/northamerica-northeast1/subnetworks/default",
              "https://www.googleapis.com/compute/v1/projects/cecureq/regions/europe-west8/subnetworks/default",
              "https://www.googleapis.com/compute/v1/projects/cecureq/regions/us-south1/subnetworks/default",
              "https://www.googleapis.com/compute/v1/projects/cecureq/regions/me-west1/subnetworks/default",
              "https://www.googleapis.com/compute/v1/projects/cecureq/regions/us-west8/subnetworks/default",
              "https://www.googleapis.com/compute/v1/projects/cecureq/regions/us-west3/subnetworks/default",
              "https://www.googleapis.com/compute/v1/projects/cecureq/regions/me-central1/subnetworks/default",
              "https://www.googleapis.com/compute/v1/projects/cecureq/regions/us-east1/subnetworks/default",
              "https://www.googleapis.com/compute/v1/projects/cecureq/regions/europe-west12/subnetworks/default",
              "https://www.googleapis.com/compute/v1/projects/cecureq/regions/asia-northeast1/subnetworks/default",
              "https://www.googleapis.com/compute/v1/projects/cecureq/regions/europe-west4/subnetworks/default",
              "https://www.googleapis.com/compute/v1/projects/cecureq/regions/europe-west10/subnetworks/default",
              "https://www.googleapis.com/compute/v1/projects/cecureq/regions/europe-west1/subnetworks/default",
              "https://www.googleapis.com/compute/v1/projects/cecureq/regions/asia-southeast1/subnetworks/default",
              "https://www.googleapis.com/compute/v1/projects/cecureq/regions/asia-northeast2/subnetworks/default",
              "https://www.googleapis.com/compute/v1/projects/cecureq/regions/australia-southeast2/subnetworks/default",
              "https://www.googleapis.com/compute/v1/projects/cecureq/regions/us-west2/subnetworks/default",
              "https://www.googleapis.com/compute/v1/projects/cecureq/regions/us-east4/subnetworks/default",
              "https://www.googleapis.com/compute/v1/projects/cecureq/regions/us-west4/subnetworks/default",
              "https://www.googleapis.com/compute/v1/projects/cecureq/regions/southamerica-east1/subnetworks/default",
              "https://www.googleapis.com/compute/v1/projects/cecureq/regions/europe-southwest1/subnetworks/default",
              "https://www.googleapis.com/compute/v1/projects/cecureq/regions/asia-southeast2/subnetworks/default",
              "https://www.googleapis.com/compute/v1/projects/cecureq/regions/europe-west3/subnetworks/default",
              "https://www.googleapis.com/compute/v1/projects/cecureq/regions/asia-south2/subnetworks/default",
              "https://www.googleapis.com/compute/v1/projects/cecureq/regions/northamerica-northeast2/subnetworks/default",
              "https://www.googleapis.com/compute/v1/projects/cecureq/regions/europe-west2/subnetworks/default",
              "https://www.googleapis.com/compute/v1/projects/cecureq/regions/australia-southeast1/subnetworks/default",
              "https://www.googleapis.com/compute/v1/projects/cecureq/regions/europe-central2/subnetworks/default"
            ]
          },
          "sensitive_attributes": []
        }
      ]
    },
    {
      "mode": "managed",
      "type": "google_compute_firewall",
      "name": "allow_health_check",
      "provider": "provider[\"registry.terraform.io/hashicorp/google\"]",
      "instances": [
        {
          "schema_version": 1,
          "attributes": {
            "allow": [
              {
                "ports": [],
                "protocol": "tcp"
              }
            ],
            "creation_timestamp": "2024-09-02T18:50:28.177-07:00",
            "deny": [],
            "description": "",
            "destination_ranges": [],
            "direction": "INGRESS",
            "disabled": false,
            "enable_logging": null,
            "id": "projects/cecureq/global/firewalls/allow-health-check",
            "log_config": [],
            "name": "allow-health-check",
            "network": "https://www.googleapis.com/compute/v1/projects/cecureq/global/networks/default",
            "priority": 1000,
            "project": "cecureq",
            "self_link": "https://www.googleapis.com/compute/v1/projects/cecureq/global/firewalls/allow-health-check",
            "source_ranges": [
              "130.211.0.0/22",
              "35.191.0.0/16"
            ],
            "source_service_accounts": null,
            "source_tags": null,
            "target_service_accounts": null,
            "target_tags": [
              "http-server"
            ],
            "timeouts": null
          },
          "sensitive_attributes": [],
          "private": "eyJlMmJmYjczMC1lY2FhLTExZTYtOGY4OC0zNDM2M2JjN2M0YzAiOnsiY3JlYXRlIjoxMjAwMDAwMDAwMDAwLCJkZWxldGUiOjEyMDAwMDAwMDAwMDAsInVwZGF0ZSI6MTIwMDAwMDAwMDAwMH0sInNjaGVtYV92ZXJzaW9uIjoiMSJ9",
          "dependencies": [
            "data.google_compute_network.existing_network"
          ]
        }
      ]
    },
    {
      "mode": "managed",
      "type": "google_compute_firewall",
      "name": "allow_http",
      "provider": "provider[\"registry.terraform.io/hashicorp/google\"]",
      "instances": [
        {
          "schema_version": 1,
          "attributes": {
            "allow": [
              {
                "ports": [
                  "80"
                ],
                "protocol": "tcp"
              }
            ],
            "creation_timestamp": "2024-09-02T18:50:28.614-07:00",
            "deny": [],
            "description": "",
            "destination_ranges": [],
            "direction": "INGRESS",
            "disabled": false,
            "enable_logging": null,
            "id": "projects/cecureq/global/firewalls/allow-http",
            "log_config": [],
            "name": "allow-http",
            "network": "https://www.googleapis.com/compute/v1/projects/cecureq/global/networks/default",
            "priority": 1000,
            "project": "cecureq",
            "self_link": "https://www.googleapis.com/compute/v1/projects/cecureq/global/firewalls/allow-http",
            "source_ranges": [
              "0.0.0.0/0"
            ],
            "source_service_accounts": null,
            "source_tags": null,
            "target_service_accounts": null,
            "target_tags": [
              "http-server"
            ],
            "timeouts": null
          },
          "sensitive_attributes": [],
          "private": "eyJlMmJmYjczMC1lY2FhLTExZTYtOGY4OC0zNDM2M2JjN2M0YzAiOnsiY3JlYXRlIjoxMjAwMDAwMDAwMDAwLCJkZWxldGUiOjEyMDAwMDAwMDAwMDAsInVwZGF0ZSI6MTIwMDAwMDAwMDAwMH0sInNjaGVtYV92ZXJzaW9uIjoiMSJ9",
          "dependencies": [
            "data.google_compute_network.existing_network"
          ]
        }
      ]
    },
    {
      "mode": "managed",
      "type": "google_compute_router",
      "name": "router",
      "provider": "provider[\"registry.terraform.io/hashicorp/google\"]",
      "instances": [
        {
          "schema_version": 0,
          "attributes": {
            "bgp": [],
            "creation_timestamp": "2024-09-02T18:50:29.066-07:00",
            "description": "",
            "encrypted_interconnect_router": false,
            "id": "projects/cecureq/regions/us-central1/routers/default-router",
            "name": "default-router",
            "network": "https://www.googleapis.com/compute/v1/projects/cecureq/global/networks/default",
            "project": "cecureq",
            "region": "us-central1",
            "self_link": "https://www.googleapis.com/compute/v1/projects/cecureq/regions/us-central1/routers/default-router",
            "timeouts": null
          },
          "sensitive_attributes": [],
          "private": "eyJlMmJmYjczMC1lY2FhLTExZTYtOGY4OC0zNDM2M2JjN2M0YzAiOnsiY3JlYXRlIjoxMjAwMDAwMDAwMDAwLCJkZWxldGUiOjEyMDAwMDAwMDAwMDAsInVwZGF0ZSI6MTIwMDAwMDAwMDAwMH19",
          "dependencies": [
            "data.google_compute_network.existing_network"
          ]
        }
      ]
    },
    {
      "mode": "managed",
      "type": "google_compute_router_nat",
      "name": "nat",
      "provider": "provider[\"registry.terraform.io/hashicorp/google\"]",
      "instances": [
        {
          "schema_version": 0,
          "attributes": {
            "drain_nat_ips": null,
            "enable_dynamic_port_allocation": false,
            "enable_endpoint_independent_mapping": true,
            "icmp_idle_timeout_sec": 30,
            "id": "cecureq/us-central1/default-router/default-nat",
            "log_config": [],
            "max_ports_per_vm": 0,
            "min_ports_per_vm": 0,
            "name": "default-nat",
            "nat_ip_allocate_option": "AUTO_ONLY",
            "nat_ips": null,
            "project": "cecureq",
            "region": "us-central1",
            "router": "default-router",
            "rules": [],
            "source_subnetwork_ip_ranges_to_nat": "ALL_SUBNETWORKS_ALL_IP_RANGES",
            "subnetwork": [],
            "tcp_established_idle_timeout_sec": 1200,
            "tcp_time_wait_timeout_sec": 120,
            "tcp_transitory_idle_timeout_sec": 30,
            "timeouts": null,
            "udp_idle_timeout_sec": 30
          },
          "sensitive_attributes": [],
          "private": "eyJlMmJmYjczMC1lY2FhLTExZTYtOGY4OC0zNDM2M2JjN2M0YzAiOnsiY3JlYXRlIjoxMjAwMDAwMDAwMDAwLCJkZWxldGUiOjEyMDAwMDAwMDAwMDAsInVwZGF0ZSI6MTIwMDAwMDAwMDAwMH19",
          "dependencies": [
            "data.google_compute_network.existing_network",
            "google_compute_router.router"
          ]
        }
      ]
    },
    {
      "mode": "managed",
      "type": "google_compute_subnetwork",
      "name": "subnet",
      "provider": "provider[\"registry.terraform.io/hashicorp/google\"]",
      "instances": [
        {
          "schema_version": 0,
          "attributes": {
            "creation_timestamp": "2024-09-02T18:50:29.953-07:00",
            "description": "",
            "external_ipv6_prefix": "",
            "fingerprint": null,
            "gateway_address": "10.0.0.1",
            "id": "projects/cecureq/regions/us-central1/subnetworks/time-api-subnet",
            "internal_ipv6_prefix": "",
            "ip_cidr_range": "10.0.0.0/24",
            "ipv6_access_type": "",
            "ipv6_cidr_range": "",
            "log_config": [],
            "name": "time-api-subnet",
            "network": "https://www.googleapis.com/compute/v1/projects/cecureq/global/networks/default",
            "private_ip_google_access": false,
            "private_ipv6_google_access": "DISABLE_GOOGLE_ACCESS",
            "project": "cecureq",
            "purpose": "PRIVATE",
            "region": "us-central1",
            "role": "",
            "secondary_ip_range": [],
            "self_link": "https://www.googleapis.com/compute/v1/projects/cecureq/regions/us-central1/subnetworks/time-api-subnet",
            "stack_type": "IPV4_ONLY",
            "timeouts": null
          },
          "sensitive_attributes": [],
          "private": "eyJlMmJmYjczMC1lY2FhLTExZTYtOGY4OC0zNDM2M2JjN2M0YzAiOnsiY3JlYXRlIjoxMjAwMDAwMDAwMDAwLCJkZWxldGUiOjEyMDAwMDAwMDAwMDAsInVwZGF0ZSI6MTIwMDAwMDAwMDAwMH19",
          "dependencies": [
            "data.google_compute_network.existing_network"
          ]
        }
      ]
    },
    {
      "mode": "managed",
      "type": "google_container_cluster",
      "name": "primary",
      "provider": "provider[\"registry.terraform.io/hashicorp/google\"]",
      "instances": [
        {
          "schema_version": 1,
          "attributes": {
            "addons_config": [
              {
                "cloudrun_config": [],
                "config_connector_config": [],
                "dns_cache_config": [],
                "gce_persistent_disk_csi_driver_config": [
                  {
                    "enabled": true
                  }
                ],
                "gcp_filestore_csi_driver_config": [],
                "gcs_fuse_csi_driver_config": [],
                "gke_backup_agent_config": [],
                "horizontal_pod_autoscaling": [],
                "http_load_balancing": [],
                "network_policy_config": [
                  {
                    "disabled": true
                  }
                ]
              }
            ],
            "allow_net_admin": null,
            "authenticator_groups_config": [],
            "binary_authorization": [
              {
                "enabled": false,
                "evaluation_mode": ""
              }
            ],
            "cluster_autoscaling": [
              {
                "auto_provisioning_defaults": [],
                "enabled": false,
                "resource_limits": []
              }
            ],
            "cluster_ipv4_cidr": "10.28.0.0/14",
            "confidential_nodes": [],
            "cost_management_config": [],
            "database_encryption": [
              {
                "key_name": "",
                "state": "DECRYPTED"
              }
            ],
            "datapath_provider": "",
            "default_max_pods_per_node": 110,
            "default_snat_status": [
              {
                "disabled": false
              }
            ],
            "description": "",
            "dns_config": [],
            "enable_autopilot": false,
            "enable_binary_authorization": false,
            "enable_intranode_visibility": false,
            "enable_k8s_beta_apis": [],
            "enable_kubernetes_alpha": false,
            "enable_l4_ilb_subsetting": false,
            "enable_legacy_abac": false,
            "enable_shielded_nodes": true,
            "enable_tpu": false,
            "endpoint": "35.192.42.179",
            "gateway_api_config": [],
            "id": "projects/cecureq/locations/us-central1-a/clusters/time-api-cluster",
            "initial_node_count": 1,
            "ip_allocation_policy": [
              {
                "additional_pod_ranges_config": [],
                "cluster_ipv4_cidr_block": "10.28.0.0/14",
                "cluster_secondary_range_name": "gke-time-api-cluster-pods-9f8d3277",
                "pod_cidr_overprovision_config": [
                  {
                    "disabled": false
                  }
                ],
                "services_ipv4_cidr_block": "34.118.224.0/20",
                "services_secondary_range_name": "",
                "stack_type": "IPV4"
              }
            ],
            "label_fingerprint": "a9dc16a7",
            "location": "us-central1-a",
            "logging_config": [
              {
                "enable_components": [
                  "SYSTEM_COMPONENTS",
                  "WORKLOADS"
                ]
              }
            ],
            "logging_service": "logging.googleapis.com/kubernetes",
            "maintenance_policy": [],
            "master_auth": [
              {
                "client_certificate": "",
                "client_certificate_config": [
                  {
                    "issue_client_certificate": false
                  }
                ],
                "client_key": "",
                "cluster_ca_certificate": "LS0tLS1CRUdJTiBDRVJUSUZJQ0FURS0tLS0tCk1JSUVMVENDQXBXZ0F3SUJBZ0lSQUpaVCtROWlTbWliYVFrclpwRThzMk13RFFZSktvWklodmNOQVFFTEJRQXcKTHpFdE1Dc0dBMVVFQXhNa01qRmpZMk5tWkdVdE1XSXlZUzAwTnpkaExUbGhZall0TkRBMU1URmxaREl6TkRkaApNQ0FYRFRJME1Ea3dNekF3TlRBME5sb1lEekl3TlRRd09ESTNNREUxTURRMldqQXZNUzB3S3dZRFZRUURFeVF5Ck1XTmpZMlprWlMweFlqSmhMVFEzTjJFdE9XRmlOaTAwTURVeE1XVmtNak0wTjJFd2dnR2lNQTBHQ1NxR1NJYjMKRFFFQkFRVUFBNElCandBd2dnR0tBb0lCZ1FDVlFTV09nMUU1Y0NUampPaW9PUHBlYTI1bEZ1MFEwZEhENVkzawpDeUpQZEgxZ0dGUnRNYUNtVFRReldxWGU4bnNPZlU2V0tKd2ZMc1hQRG9WdTM5RW5hSm1FSW9ESDFiNUZkRE83CjJXcXlObkxyMFI2UEU4VHBLc1g1QVdnMmFCZFlieStCdmJjVVF2TmZmb3BpL04yZ0ZNYk5SdDl6VjFwVHcyYW8KZWZLRWZCMS8yTndmMUhJaWhRRUpwVVZ5SGZ4dng4SmY2Sm1PMUlaeU5TekZuWlIweUlhT3Nzb0huRFZlaVpvQQpFMVR2dnRHdFdFUUVTYk4yRE9obzNtR0x6ZEc4eFo5eE9keFYxOW5QRDltM1lDMlVDWC9Kb2ZkY1UwMWI5eVVjCjh1SS9tZWN2eFE2ZERva3dabEVmWFM2Q1JMbVh1QTVnZEFNdytvek1RYndRbkpmL1FGWm5tTDIwaEZ1NGVnRFEKWkR6TWRpTS9CNmlmUENNdldtUTV1MWI1bHBnOGJsU0h5Qi9RUVRvc0FHQmc0NGFGYkFSc2dHSElJODV0eVNrVwpkZ1FTOFF5RWxtNHV0VC9DTERaLzRzRDB5YThobWNhRTQ4VE5rdms4dXlTZkRTcm1zUy90TEU2U1FESndNb0tKCjdKTktkSWxHc0xndUxXcVg4Y09PUmZqTGEyY0NBd0VBQWFOQ01FQXdEZ1lEVlIwUEFRSC9CQVFEQWdJRU1BOEcKQTFVZEV3RUIvd1FGTUFNQkFmOHdIUVlEVlIwT0JCWUVGTW5DQjFOeWp2a1dRZ3lpL2w2NW5kSmNvM0xsTUEwRwpDU3FHU0liM0RRRUJDd1VBQTRJQmdRQmdqcGJIS1VNSlRBazFkeEgwMzhPT0RSWlAzQXpJMlVvYjUwSm5Sb05jCjJwRzRoVG5GMlFVeUt0SlBFRGc3VmZYZVRhdkh5N3pzNGRHWmY3VVhqNmg0RS9kTXhJaW9meTVpT3o1ZVhTV24KRTNPMDNBZG5aZEZ4L2R1ZGs0OGtoTTlhQTZ1bUlXMVRRcXM4WDB5bitVTEdiZnp0MHNRMzN0eFhSU1NUNFJJRwpaMmlYYXJtYVJqcm4yZ0ZXOUROTi9WekR4U3o5V2l1OWtBbkFMZWgrRUQrbVpVbHQ2ek9BcWlLUE9kZk9uSFRpClJwb0prbnpWNWptNjdsMUdNSDRCVExJLzlCc0tWMk93TFNaMFNrcW5wbGZRNDIxakdWY3JNVEFNZEh0cjd2OVoKVjk5RnczSTRIK1V1R0h0UTdNZjE5RFVaeEMrRFk3VUVidngzTTVSMVlJQzZmbjAvS1dacFdiYlJLT2NTc3drLwpSUnhYSHkzWUxIeW9pd0tja0VYMWhGazc2OEVNV3lIUUNIcEdtZ0hRY3kyRGZrenhjVWlpZEFqYWt0Wm5OZE9rCk5PcXZKZjAvK25rMnY1ZERCUnJoK0lqVks2TVVpY0F3Vkc3cmhvVTZyeFd5OTgvTWczN0UzMXZpcCtLdlE5TzYKYS93WHVuaFZWSUZzNWpqeVhqYmNhTHc9Ci0tLS0tRU5EIENFUlRJRklDQVRFLS0tLS0K"
              }
            ],
            "master_authorized_networks_config": [],
            "master_version": "1.29.7-gke.1104000",
            "mesh_certificates": [],
            "min_master_version": null,
            "monitoring_config": [
              {
                "advanced_datapath_observability_config": [
                  {
                    "enable_metrics": false,
                    "relay_mode": ""
                  }
                ],
                "enable_components": [
                  "SYSTEM_COMPONENTS",
                  "STORAGE",
                  "HPA",
                  "POD",
                  "DAEMONSET",
                  "DEPLOYMENT",
                  "STATEFULSET",
                  "CADVISOR",
                  "KUBELET"
                ],
                "managed_prometheus": [
                  {
                    "enabled": true
                  }
                ]
              }
            ],
            "monitoring_service": "monitoring.googleapis.com/kubernetes",
            "name": "time-api-cluster",
            "network": "projects/cecureq/global/networks/default",
            "network_policy": [
              {
                "enabled": false,
                "provider": "PROVIDER_UNSPECIFIED"
              }
            ],
            "networking_mode": "VPC_NATIVE",
            "node_config": [],
            "node_locations": [],
            "node_pool": [],
            "node_pool_auto_config": [],
            "node_pool_defaults": [
              {
                "node_config_defaults": [
                  {
                    "logging_variant": "DEFAULT"
                  }
                ]
              }
            ],
            "node_version": "1.29.7-gke.1104000",
            "notification_config": [
              {
                "pubsub": [
                  {
                    "enabled": false,
                    "filter": [],
                    "topic": ""
                  }
                ]
              }
            ],
            "operation": null,
            "private_cluster_config": [
              {
                "enable_private_endpoint": false,
                "enable_private_nodes": true,
                "master_global_access_config": [
                  {
                    "enabled": false
                  }
                ],
                "master_ipv4_cidr_block": "172.16.0.0/28",
                "peering_name": "",
                "private_endpoint": "172.16.0.2",
                "private_endpoint_subnetwork": "",
                "public_endpoint": "35.192.42.179"
              }
            ],
            "private_ipv6_google_access": "",
            "project": "cecureq",
            "release_channel": [
              {
                "channel": "REGULAR"
              }
            ],
            "remove_default_node_pool": true,
            "resource_labels": null,
            "resource_usage_export_config": [],
            "security_posture_config": [
              {
                "mode": "BASIC",
                "vulnerability_mode": "VULNERABILITY_MODE_UNSPECIFIED"
              }
            ],
            "self_link": "https://container.googleapis.com/v1/projects/cecureq/zones/us-central1-a/clusters/time-api-cluster",
            "service_external_ips_config": [
              {
                "enabled": false
              }
            ],
            "services_ipv4_cidr": "34.118.224.0/20",
            "subnetwork": "projects/cecureq/regions/us-central1/subnetworks/time-api-subnet",
            "timeouts": null,
            "tpu_ipv4_cidr_block": "",
            "vertical_pod_autoscaling": [],
            "workload_identity_config": []
          },
          "sensitive_attributes": [],
          "private": "eyJlMmJmYjczMC1lY2FhLTExZTYtOGY4OC0zNDM2M2JjN2M0YzAiOnsiY3JlYXRlIjoyNDAwMDAwMDAwMDAwLCJkZWxldGUiOjI0MDAwMDAwMDAwMDAsInJlYWQiOjI0MDAwMDAwMDAwMDAsInVwZGF0ZSI6MzYwMDAwMDAwMDAwMH0sInNjaGVtYV92ZXJzaW9uIjoiMSJ9",
          "dependencies": [
            "data.google_compute_network.existing_network",
            "google_compute_subnetwork.subnet"
          ]
        }
      ]
    },
    {
      "mode": "managed",
      "type": "google_container_node_pool",
      "name": "primary_nodes",
      "provider": "provider[\"registry.terraform.io/hashicorp/google\"]",
      "instances": [
        {
          "schema_version": 1,
          "attributes": {
            "autoscaling": [],
            "cluster": "time-api-cluster",
            "id": "projects/cecureq/locations/us-central1-a/clusters/time-api-cluster/nodePools/time-api-cluster-node-pool",
            "initial_node_count": 1,
            "instance_group_urls": [
              "https://www.googleapis.com/compute/v1/projects/cecureq/zones/us-central1-a/instanceGroupManagers/gke-time-api-cluster-time-api-cluster-a35ac341-grp"
            ],
            "location": "us-central1-a",
            "managed_instance_group_urls": [
              "https://www.googleapis.com/compute/v1/projects/cecureq/zones/us-central1-a/instanceGroups/gke-time-api-cluster-time-api-cluster-a35ac341-grp"
            ],
            "management": [
              {
                "auto_repair": true,
                "auto_upgrade": true
              }
            ],
            "max_pods_per_node": 110,
            "name": "time-api-cluster-node-pool",
            "name_prefix": "",
            "network_config": [
              {
                "create_pod_range": false,
                "enable_private_nodes": true,
                "pod_cidr_overprovision_config": [],
                "pod_ipv4_cidr_block": "10.28.0.0/14",
                "pod_range": "gke-time-api-cluster-pods-9f8d3277"
              }
            ],
            "node_config": [
              {
                "advanced_machine_features": [],
                "boot_disk_kms_key": "",
                "confidential_nodes": [],
                "disk_size_gb": 10,
                "disk_type": "pd-balanced",
                "ephemeral_storage_local_ssd_config": [],
                "fast_socket": [],
                "gcfs_config": [],
                "guest_accelerator": [],
                "gvnic": [],
                "host_maintenance_policy": [],
                "image_type": "COS_CONTAINERD",
                "kubelet_config": [],
                "labels": {
                  "env": "dev"
                },
                "linux_node_config": [],
                "local_nvme_ssd_block_config": [],
                "local_ssd_count": 0,
                "logging_variant": "DEFAULT",
                "machine_type": "n1-standard-1",
                "metadata": {
                  "disable-legacy-endpoints": "true"
                },
                "min_cpu_platform": "",
                "node_group": "",
                "oauth_scopes": [
                  "https://www.googleapis.com/auth/logging.write",
                  "https://www.googleapis.com/auth/monitoring"
                ],
                "preemptible": true,
                "reservation_affinity": [],
                "resource_labels": null,
                "service_account": "default",
                "shielded_instance_config": [
                  {
                    "enable_integrity_monitoring": true,
                    "enable_secure_boot": false
                  }
                ],
                "sole_tenant_config": [],
                "spot": false,
                "tags": null,
                "taint": [],
                "workload_metadata_config": []
              }
            ],
            "node_count": 1,
            "node_locations": [
              "us-central1-a"
            ],
            "operation": null,
            "placement_policy": [],
            "project": "cecureq",
            "timeouts": null,
            "upgrade_settings": [
              {
                "blue_green_settings": [],
                "max_surge": 1,
                "max_unavailable": 0,
                "strategy": "SURGE"
              }
            ],
            "version": "1.29.7-gke.1104000"
          },
          "sensitive_attributes": [],
          "private": "eyJlMmJmYjczMC1lY2FhLTExZTYtOGY4OC0zNDM2M2JjN2M0YzAiOnsiY3JlYXRlIjoxODAwMDAwMDAwMDAwLCJkZWxldGUiOjE4MDAwMDAwMDAwMDAsInVwZGF0ZSI6MTgwMDAwMDAwMDAwMH0sInNjaGVtYV92ZXJzaW9uIjoiMSJ9",
          "dependencies": [
            "data.google_compute_network.existing_network",
            "google_compute_subnetwork.subnet",
            "google_container_cluster.primary"
          ]
        }
      ]
    },
    {
      "mode": "managed",
      "type": "kubernetes_deployment",
      "name": "time_api",
      "provider": "provider[\"registry.terraform.io/hashicorp/kubernetes\"]",
      "instances": [
        {
          "status": "tainted",
          "schema_version": 1,
          "attributes": {
            "id": "time-api/time-api",
            "metadata": [
              {
                "annotations": null,
                "generate_name": "",
                "generation": 0,
                "labels": null,
                "name": "time-api",
                "namespace": "time-api",
                "resource_version": "",
                "uid": ""
              }
            ],
            "spec": [
              {
                "min_ready_seconds": 0,
                "paused": false,
                "progress_deadline_seconds": 600,
                "replicas": "2",
                "revision_history_limit": 10,
                "selector": [
                  {
                    "match_expressions": [],
                    "match_labels": {
                      "app": "time-api"
                    }
                  }
                ],
                "strategy": [],
                "template": [
                  {
                    "metadata": [
                      {
                        "annotations": null,
                        "generate_name": "",
                        "generation": 0,
                        "labels": {
                          "app": "time-api"
                        },
                        "name": "",
                        "namespace": "",
                        "resource_version": "",
                        "uid": ""
                      }
                    ],
                    "spec": [
                      {
                        "active_deadline_seconds": 0,
                        "affinity": [],
                        "automount_service_account_token": true,
                        "container": [
                          {
                            "args": null,
                            "command": null,
                            "env": [
                              {
                                "name": "TZ",
                                "value": "UTC",
                                "value_from": []
                              }
                            ],
                            "env_from": [],
                            "image": "gcr.io/cecureq/time-api:latest",
                            "image_pull_policy": "",
                            "lifecycle": [],
                            "liveness_probe": [],
                            "name": "time-api",
                            "port": [
                              {
                                "container_port": 8080,
                                "host_ip": "",
                                "host_port": 0,
                                "name": "",
                                "protocol": "TCP"
                              }
                            ],
                            "readiness_probe": [],
                            "resources": [
                              {
                                "limits": {
                                  "cpu": "0.5",
                                  "memory": "512Mi"
                                },
                                "requests": {
                                  "cpu": "250m",
                                  "memory": "50Mi"
                                }
                              }
                            ],
                            "security_context": [],
                            "startup_probe": [],
                            "stdin": false,
                            "stdin_once": false,
                            "termination_message_path": "/dev/termination-log",
                            "termination_message_policy": "",
                            "tty": false,
                            "volume_mount": [],
                            "working_dir": ""
                          }
                        ],
                        "dns_config": [],
                        "dns_policy": "ClusterFirst",
                        "enable_service_links": true,
                        "host_aliases": [],
                        "host_ipc": false,
                        "host_network": false,
                        "host_pid": false,
                        "hostname": "",
                        "image_pull_secrets": [],
                        "init_container": [],
                        "node_name": "",
                        "node_selector": null,
                        "os": [],
                        "priority_class_name": "",
                        "readiness_gate": [],
                        "restart_policy": "Always",
                        "runtime_class_name": "",
                        "scheduler_name": "",
                        "security_context": [],
                        "service_account_name": "",
                        "share_process_namespace": false,
                        "subdomain": "",
                        "termination_grace_period_seconds": 30,
                        "toleration": [],
                        "topology_spread_constraint": [],
                        "volume": []
                      }
                    ]
                  }
                ]
              }
            ],
            "timeouts": null,
            "wait_for_rollout": true
          },
          "sensitive_attributes": [],
          "private": "eyJlMmJmYjczMC1lY2FhLTExZTYtOGY4OC0zNDM2M2JjN2M0YzAiOnsiY3JlYXRlIjo2MDAwMDAwMDAwMDAsImRlbGV0ZSI6NjAwMDAwMDAwMDAwLCJ1cGRhdGUiOjYwMDAwMDAwMDAwMH0sInNjaGVtYV92ZXJzaW9uIjoiMSJ9",
          "dependencies": [
            "data.google_client_config.default",
            "data.google_compute_network.existing_network",
            "google_compute_subnetwork.subnet",
            "google_container_cluster.primary",
            "kubernetes_namespace.time_api"
          ]
        }
      ]
    },
    {
      "mode": "managed",
      "type": "kubernetes_namespace",
      "name": "time_api",
      "provider": "provider[\"registry.terraform.io/hashicorp/kubernetes\"]",
      "instances": [
        {
          "schema_version": 0,
          "attributes": {
            "id": "time-api",
            "metadata": [
              {
                "annotations": null,
                "generate_name": "",
                "generation": 0,
                "labels": null,
                "name": "time-api",
                "resource_version": "4629",
                "uid": "50a49563-6680-4f90-b594-5b52d42b426e"
              }
            ],
            "timeouts": null,
            "wait_for_default_service_account": false
          },
          "sensitive_attributes": [],
          "private": "eyJlMmJmYjczMC1lY2FhLTExZTYtOGY4OC0zNDM2M2JjN2M0YzAiOnsiZGVsZXRlIjozMDAwMDAwMDAwMDB9fQ==",
          "dependencies": [
            "data.google_client_config.default",
            "data.google_compute_network.existing_network",
            "google_compute_subnetwork.subnet",
            "google_container_cluster.primary"
          ]
        }
      ]
    },
    {
      "mode": "managed",
      "type": "kubernetes_service",
      "name": "time_api",
      "provider": "provider[\"registry.terraform.io/hashicorp/kubernetes\"]",
      "instances": []
    }
  ],
  "check_results": null
}
